
Microsoft Visual Studio Solution File, Format Version 12.00
# Visual Studio Version 16
VisualStudioVersion = 16.0.30503.244
MinimumVisualStudioVersion = 10.0.40219.1
Project("{9A19103F-16F7-4668-BE54-9A1E7A4F7556}") = "httpserver", "httpserver\httpserver.csproj", "{775AFC80-9E0D-4CF5-BA2C-8C50BF87E181}"
EndProject
Project("{FAE04EC0-301F-11D3-BF4B-00C04F79EFBC}") = "serverTest", "serverTest\serverTest.csproj", "{69966004-8920-4173-B1EC-8F5A71DE2941}"
EndProject
Global
	GlobalSection(SolutionConfigurationPlatforms) = preSolution
		Debug|Any CPU = Debug|Any CPU
		Release|Any CPU = Release|Any CPU
	EndGlobalSection
	GlobalSection(ProjectConfigurationPlatforms) = postSolution
		{775AFC80-9E0D-4CF5-BA2C-8C50BF87E181}.Debug|Any CPU.ActiveCfg = Debug|Any CPU
		{775AFC80-9E0D-4CF5-BA2C-8C50BF87E181}.Debug|Any CPU.Build.0 = Debug|Any CPU
		{775AFC80-9E0D-4CF5-BA2C-8C50BF87E181}.Release|Any CPU.ActiveCfg = Release|Any CPU
		{775AFC80-9E0D-4CF5-BA2C-8C50BF87E181}.Release|Any CPU.Build.0 = Release|Any CPU
		{69966004-8920-4173-B1EC-8F5A71DE2941}.Debug|Any CPU.ActiveCfg = Debug|Any CPU
		{69966004-8920-4173-B1EC-8F5A71DE2941}.Debug|Any CPU.Build.0 = Debug|Any CPU
		{69966004-8920-4173-B1EC-8F5A71DE2941}.Release|Any CPU.ActiveCfg = Release|Any CPU
		{69966004-8920-4173-B1EC-8F5A71DE2941}.Release|Any CPU.Build.0 = Release|Any CPU
	EndGlobalSection
	GlobalSection(SolutionProperties) = preSolution
		HideSolutionNode = FALSE
	EndGlobalSection
	GlobalSection(ExtensibilityGlobals) = postSolution
		SolutionGuid = {A0CE24D9-3469-4A9E-A558-6866731E46ED}
	EndGlobalSection
EndGlobal
